hash: 4030361d91ea6dd04dfed0d3e313ca7d79d9e611d961aef5b17482876d66564e
updated: 2016-10-19T08:12:10.118996318+09:00
imports:
- name: github.com/BurntSushi/toml
  version: 99064174e013895bbd9b025c31100bd1d9b590ca
- name: github.com/davecgh/go-spew
  version: 6cf5744a041a0022271cefed95ba843f6d87fd51
  subpackages:
  - spew
- name: github.com/denisenkom/go-mssqldb
  version: fbf0a491e5ec011522c8870da9b0553135e2f9da
- name: github.com/fsnotify/fsnotify
  version: bd2828f9f176e52d7222e565abb2d338d3f3c103
- name: github.com/go-sql-driver/mysql
  version: 0b58b37b664c21f3010e836f1b931e1d0b0b0685
- name: github.com/google/uuid
  version: 9e951e1b0753e70359075742c99e505e94e97895
- name: github.com/hashicorp/hcl
  version: 6f5bfed9a0a22222fbe4e731ae3481730ba41e93
  subpackages:
  - hcl/ast
  - hcl/parser
  - hcl/scanner
  - hcl/strconv
  - hcl/token
  - json/parser
  - json/scanner
  - json/token
- name: github.com/jinzhu/gorm
  version: 5174cc5c242a728b435ea2be8a2f7f998e15429b
  subpackages:
  - dialects/mssql
  - dialects/mysql
- name: github.com/jinzhu/inflection
  version: 74387dc39a75e970e7a3ae6a3386b5bd2e5c5cff
- name: github.com/juju/errors
  version: 6f54ff6318409d31ff16261533ce2c8381a4fd5d
- name: github.com/kr/fs
  version: 2788f0dbd16903de03cb8186e5c7d97b69ad387b
- name: github.com/lann/builder
  version: f22ce00fd9394014049dad11c244859432bd6820
- name: github.com/lann/ps
  version: 62de8c46ede02a7675c4c79c84883eb164cb71e3
- name: github.com/magiconair/properties
  version: 0723e352fa358f9322c938cc2dadda874e9151a9
- name: github.com/manveru/faker
  version: 717f7cf83fb78669bfab612749c2e8ff63d5be11
- name: github.com/Masterminds/squirrel
  version: cb03830e33a9c086b3f9051548a81d299e190939
- name: github.com/mitchellh/mapstructure
  version: a6ef2f080c66d0a2e94e97cf74f80f772855da63
- name: github.com/ngaut/log
  version: cec23d3e10b016363780d894a0eb732a12c06e02
- name: github.com/pelletier/go-buffruneio
  version: df1e16fde7fc330a0ca68167c23bf7ed6ac31d6d
- name: github.com/pelletier/go-toml
  version: 45932ad32dfdd20826f5671da37a5f3ce9f26a8d
- name: github.com/pkg/errors
  version: 839d9e913e063e28dfd0e6c7b7512793e0a48be9
- name: github.com/pkg/sftp
  version: 4d0e916071f68db74f8a73926335f809396d6b42
- name: github.com/satori/go.uuid
  version: b061729afc07e77a8aa4fad0a2fd840958f1942a
- name: github.com/siddontang/go
  version: 1e9ce2a5ac4092fdf61e293634e40bfb49595105
  subpackages:
  - hack
  - ioutil2
  - sync2
- name: github.com/siddontang/go-mysql
  version: d8e777f00cdbb2bc200ebeb80364b0bcc098362e
  subpackages:
  - canal
  - client
  - dump
  - mysql
  - packet
  - replication
  - schema
- name: github.com/Sirupsen/logrus
  version: 4b6ea7319e214d98c938f12692336f7ca9348d6b
- name: github.com/spf13/afero
  version: 52e4a6cfac46163658bd4f123c49b6ee7dc75f78
  subpackages:
  - mem
  - sftp
- name: github.com/spf13/cast
  version: 2580bc98dc0e62908119e4737030cc2fdfc45e4c
- name: github.com/spf13/jwalterweatherman
  version: 33c24e77fb80341fe7130ee7c594256ff08ccc46
- name: github.com/spf13/pflag
  version: dabebe21bf790f782ea4c7bbd2efc430de182afd
- name: github.com/spf13/viper
  version: 50515b700e02658272117a72bd641b6b7f1222e5
- name: golang.org/x/crypto
  version: 9e9c7d4ed3e28836a0741f74011e308570bec743
  subpackages:
  - curve25519
  - ed25519
  - ed25519/internal/edwards25519
  - md4
  - ssh
- name: golang.org/x/net
  version: a625e3953219464fdd5611bb48bf87c927717295
  subpackages:
  - context
- name: golang.org/x/sys
  version: 002cbb5f952456d0c50e0d2aff17ea5eca716979
  subpackages:
  - unix
- name: golang.org/x/text
  version: a35b82c6add3543753645decf6532c40cac8b855
  subpackages:
  - transform
  - unicode/norm
- name: gopkg.in/yaml.v2
  version: a5b47d31c556af34a302ce5d659e6fea44d90de0
testImports:
- name: github.com/pmezard/go-difflib
  version: 792786c7400a136282c1664665ae0a8db921c6c2
  subpackages:
  - difflib
- name: github.com/stretchr/testify
  version: 69483b4bd14f5845b5a1e55bca19e954e827f1d0
  subpackages:
  - assert
